
Microsoft Visual Studio Solution File, Format Version 12.00
# Visual Studio Version 16
VisualStudioVersion = 16.0.29613.14
MinimumVisualStudioVersion = 10.0.40219.1
Project("{FAE04EC0-301F-11D3-BF4B-00C04F79EFBC}") = "Queue_Implementation(LinkedList)", "Queue_Implementation(LinkedList)\Queue_Implementation(LinkedList).csproj", "{AEBDB471-BA5F-4AA2-9A00-E8AAC562E925}"
EndProject
Global
	GlobalSection(SolutionConfigurationPlatforms) = preSolution
		Debug|Any CPU = Debug|Any CPU
		Release|Any CPU = Release|Any CPU
	EndGlobalSection
	GlobalSection(ProjectConfigurationPlatforms) = postSolution
		{AEBDB471-BA5F-4AA2-9A00-E8AAC562E925}.Debug|Any CPU.ActiveCfg = Debug|Any CPU
		{AEBDB471-BA5F-4AA2-9A00-E8AAC562E925}.Debug|Any CPU.Build.0 = Debug|Any CPU
		{AEBDB471-BA5F-4AA2-9A00-E8AAC562E925}.Release|Any CPU.ActiveCfg = Release|Any CPU
		{AEBDB471-BA5F-4AA2-9A00-E8AAC562E925}.Release|Any CPU.Build.0 = Release|Any CPU
	EndGlobalSection
	GlobalSection(SolutionProperties) = preSolution
		HideSolutionNode = FALSE
	EndGlobalSection
	GlobalSection(ExtensibilityGlobals) = postSolution
		SolutionGuid = {7C3581DC-4488-4955-B444-F2AA611944ED}
	EndGlobalSection
EndGlobal
